
Microsoft Visual Studio Solution File, Format Version 12.00
# Visual Studio Version 17
VisualStudioVersion = 17.1.31911.260
MinimumVisualStudioVersion = 10.0.40219.1
Project("{FAE04EC0-301F-11D3-BF4B-00C04F79EFBC}") = "eksamensproject", "eksamensproject\eksamensproject.csproj", "{C928C857-8372-4CD5-8744-7D4C130087E7}"
EndProject
Global
	GlobalSection(SolutionConfigurationPlatforms) = preSolution
		Debug|Any CPU = Debug|Any CPU
		Release|Any CPU = Release|Any CPU
	EndGlobalSection
	GlobalSection(ProjectConfigurationPlatforms) = postSolution
		{C928C857-8372-4CD5-8744-7D4C130087E7}.Debug|Any CPU.ActiveCfg = Debug|Any CPU
		{C928C857-8372-4CD5-8744-7D4C130087E7}.Debug|Any CPU.Build.0 = Debug|Any CPU
		{C928C857-8372-4CD5-8744-7D4C130087E7}.Release|Any CPU.ActiveCfg = Release|Any CPU
		{C928C857-8372-4CD5-8744-7D4C130087E7}.Release|Any CPU.Build.0 = Release|Any CPU
	EndGlobalSection
	GlobalSection(SolutionProperties) = preSolution
		HideSolutionNode = FALSE
	EndGlobalSection
	GlobalSection(ExtensibilityGlobals) = postSolution
		SolutionGuid = {3692F3DD-1FBE-457C-A088-8DE4C0C67275}
	EndGlobalSection
EndGlobal
